PODS:
  - PromiseKit (4.5.0):
    - PromiseKit/Foundation (= 4.5.0)
    - PromiseKit/QuartzCore (= 4.5.0)
    - PromiseKit/UIKit (= 4.5.0)
  - PromiseKit/CorePromise (4.5.0)
  - PromiseKit/Foundation (4.5.0):
    - PromiseKit/CorePromise
  - PromiseKit/QuartzCore (4.5.0):
    - PromiseKit/CorePromise
  - PromiseKit/UIKit (4.5.0):
    - PromiseKit/CorePromise

DEPENDENCIES:
  - PromiseKit

SPEC CHECKSUMS:
  PromiseKit: 9c1d9f6d7b65e3951a90bea7f407c56972be5d8e

PODFILE CHECKSUM: 1a83336c735a0b76c16da6d3b1c33c6afaa0fcd8

COCOAPODS: 1.1.1
