// !$*UTF8*$!
{
	archiveVersion = 1;
	classes = {
	};
	objectVersion = 48;
	objects = {

/* Begin PBXBuildFile section */
		370818992011D28F0006C16E /* sections.swift in Sources */ = {isa = PBXBuildFile; fileRef = 370818982011D28F0006C16E /* sections.swift */; };
		376276F2200F108B0000206E /* ShippingAddressViewController.swift in Sources */ = {isa = PBXBuildFile; fileRef = 376276F1200F108B0000206E /* ShippingAddressViewController.swift */; };
		377F586D1FE0386B00DAE6CC /* AppDelegate.swift in Sources */ = {isa = PBXBuildFile; fileRef = 377F586C1FE0386B00DAE6CC /* AppDelegate.swift */; };
		377F586F1FE0386B00DAE6CC /* ViewController.swift in Sources */ = {isa = PBXBuildFile; fileRef = 377F586E1FE0386B00DAE6CC /* ViewController.swift */; };
		377F58721FE0386B00DAE6CC /* Main.storyboard in Resources */ = {isa = PBXBuildFile; fileRef = 377F58701FE0386B00DAE6CC /* Main.storyboard */; };
		377F58741FE0386B00DAE6CC /* Assets.xcassets in Resources */ = {isa = PBXBuildFile; fileRef = 377F58731FE0386B00DAE6CC /* Assets.xcassets */; };
		377F58771FE0386B00DAE6CC /* LaunchScreen.storyboard in Resources */ = {isa = PBXBuildFile; fileRef = 377F58751FE0386B00DAE6CC /* LaunchScreen.storyboard */; };
		377F58821FE0386B00DAE6CC /* NukkadAppTests.swift in Sources */ = {isa = PBXBuildFile; fileRef = 377F58811FE0386B00DAE6CC /* NukkadAppTests.swift */; };
		377F588D1FE0386B00DAE6CC /* NukkadAppUITests.swift in Sources */ = {isa = PBXBuildFile; fileRef = 377F588C1FE0386B00DAE6CC /* NukkadAppUITests.swift */; };
		3786E50D1FE2532100328116 /* APPViewController.swift in Sources */ = {isa = PBXBuildFile; fileRef = 3786E50C1FE2532100328116 /* APPViewController.swift */; };
		3786E50F1FE2617600328116 /* HamburgerViewController.swift in Sources */ = {isa = PBXBuildFile; fileRef = 3786E50E1FE2617600328116 /* HamburgerViewController.swift */; };
		378E1A891FE2A4FC0004FFCC /* ProductListViewController.swift in Sources */ = {isa = PBXBuildFile; fileRef = 378E1A881FE2A4FC0004FFCC /* ProductListViewController.swift */; };
		379342A4201855BB00EBD3E0 /* NAConnection.swift in Sources */ = {isa = PBXBuildFile; fileRef = 379342A3201855BB00EBD3E0 /* NAConnection.swift */; };
		379342A72018563300EBD3E0 /* APPConnection.swift in Sources */ = {isa = PBXBuildFile; fileRef = 379342A62018563300EBD3E0 /* APPConnection.swift */; };
		379342A920186AB100EBD3E0 /* APPModel.swift in Sources */ = {isa = PBXBuildFile; fileRef = 379342A820186AB100EBD3E0 /* APPModel.swift */; };
		379342AC20186B4000EBD3E0 /* NAModel.swift in Sources */ = {isa = PBXBuildFile; fileRef = 379342AB20186B4000EBD3E0 /* NAModel.swift */; };
		379342B020187B9B00EBD3E0 /* iStatusNotifier.m in Sources */ = {isa = PBXBuildFile; fileRef = 379342AE20187B9A00EBD3E0 /* iStatusNotifier.m */; };
		379D654F2004BE7500408E12 /* CartListViewController.swift in Sources */ = {isa = PBXBuildFile; fileRef = 379D654E2004BE7500408E12 /* CartListViewController.swift */; };
		379D65512004F8BC00408E12 /* LoginViewController.swift in Sources */ = {isa = PBXBuildFile; fileRef = 379D65502004F8BC00408E12 /* LoginViewController.swift */; };
		37A1C87C2003A57B00DF6459 /* ProductDetailsViewController.swift in Sources */ = {isa = PBXBuildFile; fileRef = 37A1C87B2003A57B00DF6459 /* ProductDetailsViewController.swift */; };
		37AA16B72007950C00DF4061 /* SignupViewController.swift in Sources */ = {isa = PBXBuildFile; fileRef = 37AA16B62007950C00DF4061 /* SignupViewController.swift */; };
		37AA32791FE0FA8300215A4E /* DashboardViewController.swift in Sources */ = {isa = PBXBuildFile; fileRef = 37AA32781FE0FA8300215A4E /* DashboardViewController.swift */; };
		37B1C29320062ECF004888A0 /* CategoriesListViewController.swift in Sources */ = {isa = PBXBuildFile; fileRef = 37B1C29220062ECF004888A0 /* CategoriesListViewController.swift */; };
		EAE12468B4792BCC031BA369 /* Pods_NukkadApp.framework in Frameworks */ = {isa = PBXBuildFile; fileRef = 89F59ECB6B42E9A158E7785F /* Pods_NukkadApp.framework */; };
/* End PBXBuildFile section */

/* Begin PBXContainerItemProxy section */
		377F587E1FE0386B00DAE6CC /* PBXContainerItemProxy */ = {
			isa = PBXContainerItemProxy;
			containerPortal = 377F58611FE0386B00DAE6CC /* Project object */;
			proxyType = 1;
			remoteGlobalIDString = 377F58681FE0386B00DAE6CC;
			remoteInfo = NukkadApp;
		};
		377F58891FE0386B00DAE6CC /* PBXContainerItemProxy */ = {
			isa = PBXContainerItemProxy;
			containerPortal = 377F58611FE0386B00DAE6CC /* Project object */;
			proxyType = 1;
			remoteGlobalIDString = 377F58681FE0386B00DAE6CC;
			remoteInfo = NukkadApp;
		};
/* End PBXContainerItemProxy section */

/* Begin PBXFileReference section */
		2E268D0EDB0BE9B1E27BC18E /* Pods-NukkadApp.release.xcconfig */ = {isa = PBXFileReference; includeInIndex = 1; lastKnownFileType = text.xcconfig; name = "Pods-NukkadApp.release.xcconfig"; path = "Pods/Target Support Files/Pods-NukkadApp/Pods-NukkadApp.release.xcconfig"; sourceTree = "<group>"; };
		370818982011D28F0006C16E /* sections.swift */ = {isa = PBXFileReference; lastKnownFileType = sourcecode.swift; path = sections.swift; sourceTree = "<group>"; };
		376276F1200F108B0000206E /* ShippingAddressViewController.swift */ = {isa = PBXFileReference; lastKnownFileType = sourcecode.swift; path = ShippingAddressViewController.swift; sourceTree = "<group>"; };
		377F58691FE0386B00DAE6CC /* NukkadApp.app */ = {isa = PBXFileReference; explicitFileType = wrapper.application; includeInIndex = 0; path = NukkadApp.app; sourceTree = BUILT_PRODUCTS_DIR; };
		377F586C1FE0386B00DAE6CC /* AppDelegate.swift */ = {isa = PBXFileReference; lastKnownFileType = sourcecode.swift; path = AppDelegate.swift; sourceTree = "<group>"; };
		377F586E1FE0386B00DAE6CC /* ViewController.swift */ = {isa = PBXFileReference; lastKnownFileType = sourcecode.swift; path = ViewController.swift; sourceTree = "<group>"; };
		377F58711FE0386B00DAE6CC /* Base */ = {isa = PBXFileReference; lastKnownFileType = file.storyboard; name = Base; path = Base.lproj/Main.storyboard; sourceTree = "<group>"; };
		377F58731FE0386B00DAE6CC /* Assets.xcassets */ = {isa = PBXFileReference; lastKnownFileType = folder.assetcatalog; path = Assets.xcassets; sourceTree = "<group>"; };
		377F58761FE0386B00DAE6CC /* Base */ = {isa = PBXFileReference; lastKnownFileType = file.storyboard; name = Base; path = Base.lproj/LaunchScreen.storyboard; sourceTree = "<group>"; };
		377F58781FE0386B00DAE6CC /* Info.plist */ = {isa = PBXFileReference; lastKnownFileType = text.plist.xml; path = Info.plist; sourceTree = "<group>"; };
		377F587D1FE0386B00DAE6CC /* NukkadAppTests.xctest */ = {isa = PBXFileReference; explicitFileType = wrapper.cfbundle; includeInIndex = 0; path = NukkadAppTests.xctest; sourceTree = BUILT_PRODUCTS_DIR; };
		377F58811FE0386B00DAE6CC /* NukkadAppTests.swift */ = {isa = PBXFileReference; lastKnownFileType = sourcecode.swift; path = NukkadAppTests.swift; sourceTree = "<group>"; };
		377F58831FE0386B00DAE6CC /* Info.plist */ = {isa = PBXFileReference; lastKnownFileType = text.plist.xml; path = Info.plist; sourceTree = "<group>"; };
		377F58881FE0386B00DAE6CC /* NukkadAppUITests.xctest */ = {isa = PBXFileReference; explicitFileType = wrapper.cfbundle; includeInIndex = 0; path = NukkadAppUITests.xctest; sourceTree = BUILT_PRODUCTS_DIR; };
		377F588C1FE0386B00DAE6CC /* NukkadAppUITests.swift */ = {isa = PBXFileReference; lastKnownFileType = sourcecode.swift; path = NukkadAppUITests.swift; sourceTree = "<group>"; };
		377F588E1FE0386B00DAE6CC /* Info.plist */ = {isa = PBXFileReference; lastKnownFileType = text.plist.xml; path = Info.plist; sourceTree = "<group>"; };
		3786E50C1FE2532100328116 /* APPViewController.swift */ = {isa = PBXFileReference; lastKnownFileType = sourcecode.swift; path = APPViewController.swift; sourceTree = "<group>"; };
		3786E50E1FE2617600328116 /* HamburgerViewController.swift */ = {isa = PBXFileReference; lastKnownFileType = sourcecode.swift; path = HamburgerViewController.swift; sourceTree = "<group>"; };
		378E1A881FE2A4FC0004FFCC /* ProductListViewController.swift */ = {isa = PBXFileReference; lastKnownFileType = sourcecode.swift; path = ProductListViewController.swift; sourceTree = "<group>"; };
		379342A3201855BB00EBD3E0 /* NAConnection.swift */ = {isa = PBXFileReference; lastKnownFileType = sourcecode.swift; path = NAConnection.swift; sourceTree = "<group>"; };
		379342A62018563300EBD3E0 /* APPConnection.swift */ = {isa = PBXFileReference; lastKnownFileType = sourcecode.swift; path = APPConnection.swift; sourceTree = "<group>"; };
		379342A820186AB100EBD3E0 /* APPModel.swift */ = {isa = PBXFileReference; lastKnownFileType = sourcecode.swift; path = APPModel.swift; sourceTree = "<group>"; };
		379342AB20186B4000EBD3E0 /* NAModel.swift */ = {isa = PBXFileReference; lastKnownFileType = sourcecode.swift; path = NAModel.swift; sourceTree = "<group>"; };
		379342AD20187B9900EBD3E0 /* NukkadApp-Bridging-Header.h */ = {isa = PBXFileReference; lastKnownFileType = sourcecode.c.h; path = "NukkadApp-Bridging-Header.h"; sourceTree = "<group>"; };
		379342AE20187B9A00EBD3E0 /* iStatusNotifier.m */ = {isa = PBXFileReference; fileEncoding = 4; lastKnownFileType = sourcecode.c.objc; path = iStatusNotifier.m; sourceTree = "<group>"; };
		379342AF20187B9B00EBD3E0 /* iStatusNotifier.h */ = {isa = PBXFileReference; fileEncoding = 4; lastKnownFileType = sourcecode.c.h; path = iStatusNotifier.h; sourceTree = "<group>"; };
		379D654E2004BE7500408E12 /* CartListViewController.swift */ = {isa = PBXFileReference; lastKnownFileType = sourcecode.swift; path = CartListViewController.swift; sourceTree = "<group>"; };
		379D65502004F8BC00408E12 /* LoginViewController.swift */ = {isa = PBXFileReference; lastKnownFileType = sourcecode.swift; path = LoginViewController.swift; sourceTree = "<group>"; };
		37A1C87B2003A57B00DF6459 /* ProductDetailsViewController.swift */ = {isa = PBXFileReference; lastKnownFileType = sourcecode.swift; path = ProductDetailsViewController.swift; sourceTree = "<group>"; };
		37AA16B62007950C00DF4061 /* SignupViewController.swift */ = {isa = PBXFileReference; lastKnownFileType = sourcecode.swift; path = SignupViewController.swift; sourceTree = "<group>"; };
		37AA32781FE0FA8300215A4E /* DashboardViewController.swift */ = {isa = PBXFileReference; lastKnownFileType = sourcecode.swift; path = DashboardViewController.swift; sourceTree = "<group>"; };
		37B1C29220062ECF004888A0 /* CategoriesListViewController.swift */ = {isa = PBXFileReference; lastKnownFileType = sourcecode.swift; path = CategoriesListViewController.swift; sourceTree = "<group>"; };
		89F59ECB6B42E9A158E7785F /* Pods_NukkadApp.framework */ = {isa = PBXFileReference; explicitFileType = wrapper.framework; includeInIndex = 0; path = Pods_NukkadApp.framework; sourceTree = BUILT_PRODUCTS_DIR; };
		CD98FDA03196D71E6E97AB0C /* Pods-NukkadApp.debug.xcconfig */ = {isa = PBXFileReference; includeInIndex = 1; lastKnownFileType = text.xcconfig; name = "Pods-NukkadApp.debug.xcconfig"; path = "Pods/Target Support Files/Pods-NukkadApp/Pods-NukkadApp.debug.xcconfig"; sourceTree = "<group>"; };
/* End PBXFileReference section */

/* Begin PBXFrameworksBuildPhase section */
		377F58661FE0386B00DAE6CC /* Frameworks */ = {
			isa = PBXFrameworksBuildPhase;
			buildActionMask = 2147483647;
			files = (
				EAE12468B4792BCC031BA369 /* Pods_NukkadApp.framework in Frameworks */,
			);
			runOnlyForDeploymentPostprocessing = 0;
		};
		377F587A1FE0386B00DAE6CC /* Frameworks */ = {
			isa = PBXFrameworksBuildPhase;
			buildActionMask = 2147483647;
			files = (
			);
			runOnlyForDeploymentPostprocessing = 0;
		};
		377F58851FE0386B00DAE6CC /* Frameworks */ = {
			isa = PBXFrameworksBuildPhase;
			buildActionMask = 2147483647;
			files = (
			);
			runOnlyForDeploymentPostprocessing = 0;
		};
/* End PBXFrameworksBuildPhase section */

/* Begin PBXGroup section */
		1823390DC537577196C9CA92 /* Frameworks */ = {
			isa = PBXGroup;
			children = (
				89F59ECB6B42E9A158E7785F /* Pods_NukkadApp.framework */,
			);
			name = Frameworks;
			sourceTree = "<group>";
		};
		377F58601FE0386B00DAE6CC = {
			isa = PBXGroup;
			children = (
				379342AF20187B9B00EBD3E0 /* iStatusNotifier.h */,
				379342AE20187B9A00EBD3E0 /* iStatusNotifier.m */,
				379342A5201855F100EBD3E0 /* Collection */,
				379342A02018545600EBD3E0 /* Connection */,
				377F586B1FE0386B00DAE6CC /* NukkadApp */,
				377F58801FE0386B00DAE6CC /* NukkadAppTests */,
				377F588B1FE0386B00DAE6CC /* NukkadAppUITests */,
				377F586A1FE0386B00DAE6CC /* Products */,
				C38B34F97AD5764E15DFD8A1 /* Pods */,
				1823390DC537577196C9CA92 /* Frameworks */,
				379342AD20187B9900EBD3E0 /* NukkadApp-Bridging-Header.h */,
			);
			sourceTree = "<group>";
		};
		377F586A1FE0386B00DAE6CC /* Products */ = {
			isa = PBXGroup;
			children = (
				377F58691FE0386B00DAE6CC /* NukkadApp.app */,
				377F587D1FE0386B00DAE6CC /* NukkadAppTests.xctest */,
				377F58881FE0386B00DAE6CC /* NukkadAppUITests.xctest */,
			);
			name = Products;
			sourceTree = "<group>";
		};
		377F586B1FE0386B00DAE6CC /* NukkadApp */ = {
			isa = PBXGroup;
			children = (
				379342AA20186B1900EBD3E0 /* Model */,
				377F586C1FE0386B00DAE6CC /* AppDelegate.swift */,
				377F586E1FE0386B00DAE6CC /* ViewController.swift */,
				378E1A881FE2A4FC0004FFCC /* ProductListViewController.swift */,
				377F58701FE0386B00DAE6CC /* Main.storyboard */,
				376276F1200F108B0000206E /* ShippingAddressViewController.swift */,
				37AA16B62007950C00DF4061 /* SignupViewController.swift */,
				37B1C29220062ECF004888A0 /* CategoriesListViewController.swift */,
				370818982011D28F0006C16E /* sections.swift */,
				379D65502004F8BC00408E12 /* LoginViewController.swift */,
				379D654E2004BE7500408E12 /* CartListViewController.swift */,
				37A1C87B2003A57B00DF6459 /* ProductDetailsViewController.swift */,
				37AA32781FE0FA8300215A4E /* DashboardViewController.swift */,
				3786E50C1FE2532100328116 /* APPViewController.swift */,
				3786E50E1FE2617600328116 /* HamburgerViewController.swift */,
				377F58731FE0386B00DAE6CC /* Assets.xcassets */,
				377F58751FE0386B00DAE6CC /* LaunchScreen.storyboard */,
				377F58781FE0386B00DAE6CC /* Info.plist */,
			);
			path = NukkadApp;
			sourceTree = "<group>";
		};
		377F58801FE0386B00DAE6CC /* NukkadAppTests */ = {
			isa = PBXGroup;
			children = (
				377F58811FE0386B00DAE6CC /* NukkadAppTests.swift */,
				377F58831FE0386B00DAE6CC /* Info.plist */,
			);
			path = NukkadAppTests;
			sourceTree = "<group>";
		};
		377F588B1FE0386B00DAE6CC /* NukkadAppUITests */ = {
			isa = PBXGroup;
			children = (
				377F588C1FE0386B00DAE6CC /* NukkadAppUITests.swift */,
				377F588E1FE0386B00DAE6CC /* Info.plist */,
			);
			path = NukkadAppUITests;
			sourceTree = "<group>";
		};
		379342A02018545600EBD3E0 /* Connection */ = {
			isa = PBXGroup;
			children = (
				379342A3201855BB00EBD3E0 /* NAConnection.swift */,
			);
			path = Connection;
			sourceTree = "<group>";
		};
		379342A5201855F100EBD3E0 /* Collection */ = {
			isa = PBXGroup;
			children = (
				379342A62018563300EBD3E0 /* APPConnection.swift */,
				379342A820186AB100EBD3E0 /* APPModel.swift */,
			);
			path = Collection;
			sourceTree = "<group>";
		};
		379342AA20186B1900EBD3E0 /* Model */ = {
			isa = PBXGroup;
			children = (
				379342AB20186B4000EBD3E0 /* NAModel.swift */,
			);
			path = Model;
			sourceTree = "<group>";
		};
		C38B34F97AD5764E15DFD8A1 /* Pods */ = {
			isa = PBXGroup;
			children = (
				CD98FDA03196D71E6E97AB0C /* Pods-NukkadApp.debug.xcconfig */,
				2E268D0EDB0BE9B1E27BC18E /* Pods-NukkadApp.release.xcconfig */,
			);
			name = Pods;
			sourceTree = "<group>";
		};
/* End PBXGroup section */

/* Begin PBXNativeTarget section */
		377F58681FE0386B00DAE6CC /* NukkadApp */ = {
			isa = PBXNativeTarget;
			buildConfigurationList = 377F58911FE0386B00DAE6CC /* Build configuration list for PBXNativeTarget "NukkadApp" */;
			buildPhases = (
				D036ADA6E7732B4C26B84FE8 /* [CP] Check Pods Manifest.lock */,
				377F58651FE0386B00DAE6CC /* Sources */,
				377F58661FE0386B00DAE6CC /* Frameworks */,
				377F58671FE0386B00DAE6CC /* Resources */,
				99315C3EDB39D3F0E70F39CE /* [CP] Embed Pods Frameworks */,
			);
			buildRules = (
			);
			dependencies = (
			);
			name = NukkadApp;
			productName = NukkadApp;
			productReference = 377F58691FE0386B00DAE6CC /* NukkadApp.app */;
			productType = "com.apple.product-type.application";
		};
		377F587C1FE0386B00DAE6CC /* NukkadAppTests */ = {
			isa = PBXNativeTarget;
			buildConfigurationList = 377F58941FE0386B00DAE6CC /* Build configuration list for PBXNativeTarget "NukkadAppTests" */;
			buildPhases = (
				377F58791FE0386B00DAE6CC /* Sources */,
				377F587A1FE0386B00DAE6CC /* Frameworks */,
				377F587B1FE0386B00DAE6CC /* Resources */,
			);
			buildRules = (
			);
			dependencies = (
				377F587F1FE0386B00DAE6CC /* PBXTargetDependency */,
			);
			name = NukkadAppTests;
			productName = NukkadAppTests;
			productReference = 377F587D1FE0386B00DAE6CC /* NukkadAppTests.xctest */;
			productType = "com.apple.product-type.bundle.unit-test";
		};
		377F58871FE0386B00DAE6CC /* NukkadAppUITests */ = {
			isa = PBXNativeTarget;
			buildConfigurationList = 377F58971FE0386B00DAE6CC /* Build configuration list for PBXNativeTarget "NukkadAppUITests" */;
			buildPhases = (
				377F58841FE0386B00DAE6CC /* Sources */,
				377F58851FE0386B00DAE6CC /* Frameworks */,
				377F58861FE0386B00DAE6CC /* Resources */,
			);
			buildRules = (
			);
			dependencies = (
				377F588A1FE0386B00DAE6CC /* PBXTargetDependency */,
			);
			name = NukkadAppUITests;
			productName = NukkadAppUITests;
			productReference = 377F58881FE0386B00DAE6CC /* NukkadAppUITests.xctest */;
			productType = "com.apple.product-type.bundle.ui-testing";
		};
/* End PBXNativeTarget section */

/* Begin PBXProject section */
		377F58611FE0386B00DAE6CC /* Project object */ = {
			isa = PBXProject;
			attributes = {
				LastSwiftUpdateCheck = 0910;
				LastUpgradeCheck = 1250;
				ORGANIZATIONNAME = systimanx;
				TargetAttributes = {
					377F58681FE0386B00DAE6CC = {
						CreatedOnToolsVersion = 9.1;
						LastSwiftMigration = 0910;
						ProvisioningStyle = Manual;
					};
					377F587C1FE0386B00DAE6CC = {
						CreatedOnToolsVersion = 9.1;
						ProvisioningStyle = Automatic;
						TestTargetID = 377F58681FE0386B00DAE6CC;
					};
					377F58871FE0386B00DAE6CC = {
						CreatedOnToolsVersion = 9.1;
						ProvisioningStyle = Automatic;
						TestTargetID = 377F58681FE0386B00DAE6CC;
					};
				};
			};
			buildConfigurationList = 377F58641FE0386B00DAE6CC /* Build configuration list for PBXProject "NukkadApp" */;
			compatibilityVersion = "Xcode 8.0";
			developmentRegion = en;
			hasScannedForEncodings = 0;
			knownRegions = (
				en,
				Base,
			);
			mainGroup = 377F58601FE0386B00DAE6CC;
			productRefGroup = 377F586A1FE0386B00DAE6CC /* Products */;
			projectDirPath = "";
			projectRoot = "";
			targets = (
				377F58681FE0386B00DAE6CC /* NukkadApp */,
				377F587C1FE0386B00DAE6CC /* NukkadAppTests */,
				377F58871FE0386B00DAE6CC /* NukkadAppUITests */,
			);
		};
/* End PBXProject section */

/* Begin PBXResourcesBuildPhase section */
		377F58671FE0386B00DAE6CC /* Resources */ = {
			isa = PBXResourcesBuildPhase;
			buildActionMask = 2147483647;
			files = (
				377F58771FE0386B00DAE6CC /* LaunchScreen.storyboard in Resources */,
				377F58741FE0386B00DAE6CC /* Assets.xcassets in Resources */,
				377F58721FE0386B00DAE6CC /* Main.storyboard in Resources */,
			);
			runOnlyForDeploymentPostprocessing = 0;
		};
		377F587B1FE0386B00DAE6CC /* Resources */ = {
			isa = PBXResourcesBuildPhase;
			buildActionMask = 2147483647;
			files = (
			);
			runOnlyForDeploymentPostprocessing = 0;
		};
		377F58861FE0386B00DAE6CC /* Resources */ = {
			isa = PBXResourcesBuildPhase;
			buildActionMask = 2147483647;
			files = (
			);
			runOnlyForDeploymentPostprocessing = 0;
		};
/* End PBXResourcesBuildPhase section */

/* Begin PBXShellScriptBuildPhase section */
		99315C3EDB39D3F0E70F39CE /* [CP] Embed Pods Frameworks */ = {
			isa = PBXShellScriptBuildPhase;
			buildActionMask = 2147483647;
			files = (
			);
			inputPaths = (
				"${PODS_ROOT}/Target Support Files/Pods-NukkadApp/Pods-NukkadApp-frameworks.sh",
				"${BUILT_PRODUCTS_DIR}/ActionSheetPicker-3.0/ActionSheetPicker_3_0.framework",
				"${BUILT_PRODUCTS_DIR}/PKHUD/PKHUD.framework",
				"${BUILT_PRODUCTS_DIR}/PromiseKit/PromiseKit.framework",
			);
			name = "[CP] Embed Pods Frameworks";
			outputPaths = (
				"${TARGET_BUILD_DIR}/${FRAMEWORKS_FOLDER_PATH}/ActionSheetPicker_3_0.framework",
				"${TARGET_BUILD_DIR}/${FRAMEWORKS_FOLDER_PATH}/PKHUD.framework",
				"${TARGET_BUILD_DIR}/${FRAMEWORKS_FOLDER_PATH}/PromiseKit.framework",
			);
			runOnlyForDeploymentPostprocessing = 0;
			shellPath = /bin/sh;
			shellScript = "\"${PODS_ROOT}/Target Support Files/Pods-NukkadApp/Pods-NukkadApp-frameworks.sh\"\n";
			showEnvVarsInLog = 0;
		};
		D036ADA6E7732B4C26B84FE8 /* [CP] Check Pods Manifest.lock */ = {
			isa = PBXShellScriptBuildPhase;
			buildActionMask = 2147483647;
			files = (
			);
			inputPaths = (
				"${PODS_PODFILE_DIR_PATH}/Podfile.lock",
				"${PODS_ROOT}/Manifest.lock",
			);
			name = "[CP] Check Pods Manifest.lock";
			outputPaths = (
				"$(DERIVED_FILE_DIR)/Pods-NukkadApp-checkManifestLockResult.txt",
			);
			runOnlyForDeploymentPostprocessing = 0;
			shellPath = /bin/sh;
			shellScript = "diff \"${PODS_PODFILE_DIR_PATH}/Podfile.lock\" \"${PODS_ROOT}/Manifest.lock\" > /dev/null\nif [ $? != 0 ] ; then\n    # print error to STDERR\n    echo \"error: The sandbox is not in sync with the Podfile.lock. Run 'pod install' or update your CocoaPods installation.\" >&2\n    exit 1\nfi\n# This output is used by Xcode 'outputs' to avoid re-running this script phase.\necho \"SUCCESS\" > \"${SCRIPT_OUTPUT_FILE_0}\"\n";
			showEnvVarsInLog = 0;
		};
/* End PBXShellScriptBuildPhase section */

/* Begin PBXSourcesBuildPhase section */
		377F58651FE0386B00DAE6CC /* Sources */ = {
			isa = PBXSourcesBuildPhase;
			buildActionMask = 2147483647;
			files = (
				37B1C29320062ECF004888A0 /* CategoriesListViewController.swift in Sources */,
				379D65512004F8BC00408E12 /* LoginViewController.swift in Sources */,
				370818992011D28F0006C16E /* sections.swift in Sources */,
				37AA16B72007950C00DF4061 /* SignupViewController.swift in Sources */,
				37A1C87C2003A57B00DF6459 /* ProductDetailsViewController.swift in Sources */,
				379342B020187B9B00EBD3E0 /* iStatusNotifier.m in Sources */,
				377F586F1FE0386B00DAE6CC /* ViewController.swift in Sources */,
				376276F2200F108B0000206E /* ShippingAddressViewController.swift in Sources */,
				37AA32791FE0FA8300215A4E /* DashboardViewController.swift in Sources */,
				379342AC20186B4000EBD3E0 /* NAModel.swift in Sources */,
				3786E50D1FE2532100328116 /* APPViewController.swift in Sources */,
				379D654F2004BE7500408E12 /* CartListViewController.swift in Sources */,
				3786E50F1FE2617600328116 /* HamburgerViewController.swift in Sources */,
				379342A920186AB100EBD3E0 /* APPModel.swift in Sources */,
				379342A72018563300EBD3E0 /* APPConnection.swift in Sources */,
				378E1A891FE2A4FC0004FFCC /* ProductListViewController.swift in Sources */,
				379342A4201855BB00EBD3E0 /* NAConnection.swift in Sources */,
				377F586D1FE0386B00DAE6CC /* AppDelegate.swift in Sources */,
			);
			runOnlyForDeploymentPostprocessing = 0;
		};
		377F58791FE0386B00DAE6CC /* Sources */ = {
			isa = PBXSourcesBuildPhase;
			buildActionMask = 2147483647;
			files = (
				377F58821FE0386B00DAE6CC /* NukkadAppTests.swift in Sources */,
			);
			runOnlyForDeploymentPostprocessing = 0;
		};
		377F58841FE0386B00DAE6CC /* Sources */ = {
			isa = PBXSourcesBuildPhase;
			buildActionMask = 2147483647;
			files = (
				377F588D1FE0386B00DAE6CC /* NukkadAppUITests.swift in Sources */,
			);
			runOnlyForDeploymentPostprocessing = 0;
		};
/* End PBXSourcesBuildPhase section */

/* Begin PBXTargetDependency section */
		377F587F1FE0386B00DAE6CC /* PBXTargetDependency */ = {
			isa = PBXTargetDependency;
			target = 377F58681FE0386B00DAE6CC /* NukkadApp */;
			targetProxy = 377F587E1FE0386B00DAE6CC /* PBXContainerItemProxy */;
		};
		377F588A1FE0386B00DAE6CC /* PBXTargetDependency */ = {
			isa = PBXTargetDependency;
			target = 377F58681FE0386B00DAE6CC /* NukkadApp */;
			targetProxy = 377F58891FE0386B00DAE6CC /* PBXContainerItemProxy */;
		};
/* End PBXTargetDependency section */

/* Begin PBXVariantGroup section */
		377F58701FE0386B00DAE6CC /* Main.storyboard */ = {
			isa = PBXVariantGroup;
			children = (
				377F58711FE0386B00DAE6CC /* Base */,
			);
			name = Main.storyboard;
			sourceTree = "<group>";
		};
		377F58751FE0386B00DAE6CC /* LaunchScreen.storyboard */ = {
			isa = PBXVariantGroup;
			children = (
				377F58761FE0386B00DAE6CC /* Base */,
			);
			name = LaunchScreen.storyboard;
			sourceTree = "<group>";
		};
/* End PBXVariantGroup section */

/* Begin XCBuildConfiguration section */
		377F588F1FE0386B00DAE6CC /* Debug */ = {
			isa = XCBuildConfiguration;
			buildSettings = {
				ALWAYS_SEARCH_USER_PATHS = NO;
				CLANG_ANALYZER_NONNULL = YES;
				CLANG_ANALYZER_NUMBER_OBJECT_CONVERSION = YES_AGGRESSIVE;
				CLANG_CXX_LANGUAGE_STANDARD = "gnu++14";
				CLANG_CXX_LIBRARY = "libc++";
				CLANG_ENABLE_MODULES = YES;
				CLANG_ENABLE_OBJC_ARC = YES;
				CLANG_WARN_BLOCK_CAPTURE_AUTORELEASING = YES;
				CLANG_WARN_BOOL_CONVERSION = YES;
				CLANG_WARN_COMMA = YES;
				CLANG_WARN_CONSTANT_CONVERSION = YES;
				CLANG_WARN_DEPRECATED_OBJC_IMPLEMENTATIONS = YES;
				CLANG_WARN_DIRECT_OBJC_ISA_USAGE = YES_ERROR;
				CLANG_WARN_DOCUMENTATION_COMMENTS = YES;
				CLANG_WARN_EMPTY_BODY = YES;
				CLANG_WARN_ENUM_CONVERSION = YES;
				CLANG_WARN_INFINITE_RECURSION = YES;
				CLANG_WARN_INT_CONVERSION = YES;
				CLANG_WARN_NON_LITERAL_NULL_CONVERSION = YES;
				CLANG_WARN_OBJC_IMPLICIT_RETAIN_SELF = YES;
				CLANG_WARN_OBJC_LITERAL_CONVERSION = YES;
				CLANG_WARN_OBJC_ROOT_CLASS = YES_ERROR;
				CLANG_WARN_QUOTED_INCLUDE_IN_FRAMEWORK_HEADER = YES;
				CLANG_WARN_RANGE_LOOP_ANALYSIS = YES;
				CLANG_WARN_STRICT_PROTOTYPES = YES;
				CLANG_WARN_SUSPICIOUS_MOVE = YES;
				CLANG_WARN_UNGUARDED_AVAILABILITY = YES_AGGRESSIVE;
				CLANG_WARN_UNREACHABLE_CODE = YES;
				CLANG_WARN__DUPLICATE_METHOD_MATCH = YES;
				CODE_SIGN_IDENTITY = "iPhone Developer";
				COPY_PHASE_STRIP = NO;
				DEBUG_INFORMATION_FORMAT = dwarf;
				ENABLE_STRICT_OBJC_MSGSEND = YES;
				ENABLE_TESTABILITY = YES;
				GCC_C_LANGUAGE_STANDARD = gnu11;
				GCC_DYNAMIC_NO_PIC = NO;
				GCC_NO_COMMON_BLOCKS = YES;
				GCC_OPTIMIZATION_LEVEL = 0;
				GCC_PREPROCESSOR_DEFINITIONS = (
					"DEBUG=1",
					"$(inherited)",
				);
				GCC_WARN_64_TO_32_BIT_CONVERSION = YES;
				GCC_WARN_ABOUT_RETURN_TYPE = YES_ERROR;
				GCC_WARN_UNDECLARED_SELECTOR = YES;
				GCC_WARN_UNINITIALIZED_AUTOS = YES_AGGRESSIVE;
				GCC_WARN_UNUSED_FUNCTION = YES;
				GCC_WARN_UNUSED_VARIABLE = YES;
				IPHONEOS_DEPLOYMENT_TARGET = 12.3;
				MTL_ENABLE_DEBUG_INFO = YES;
				ONLY_ACTIVE_ARCH = YES;
				SDKROOT = iphoneos;
				SWIFT_ACTIVE_COMPILATION_CONDITIONS = DEBUG;
				SWIFT_OPTIMIZATION_LEVEL = "-Onone";
			};
			name = Debug;
		};
		377F58901FE0386B00DAE6CC /* Release */ = {
			isa = XCBuildConfiguration;
			buildSettings = {
				ALWAYS_SEARCH_USER_PATHS = NO;
				CLANG_ANALYZER_NONNULL = YES;
				CLANG_ANALYZER_NUMBER_OBJECT_CONVERSION = YES_AGGRESSIVE;
				CLANG_CXX_LANGUAGE_STANDARD = "gnu++14";
				CLANG_CXX_LIBRARY = "libc++";
				CLANG_ENABLE_MODULES = YES;
				CLANG_ENABLE_OBJC_ARC = YES;
				CLANG_WARN_BLOCK_CAPTURE_AUTORELEASING = YES;
				CLANG_WARN_BOOL_CONVERSION = YES;
				CLANG_WARN_COMMA = YES;
				CLANG_WARN_CONSTANT_CONVERSION = YES;
				CLANG_WARN_DEPRECATED_OBJC_IMPLEMENTATIONS = YES;
				CLANG_WARN_DIRECT_OBJC_ISA_USAGE = YES_ERROR;
				CLANG_WARN_DOCUMENTATION_COMMENTS = YES;
				CLANG_WARN_EMPTY_BODY = YES;
				CLANG_WARN_ENUM_CONVERSION = YES;
				CLANG_WARN_INFINITE_RECURSION = YES;
				CLANG_WARN_INT_CONVERSION = YES;
				CLANG_WARN_NON_LITERAL_NULL_CONVERSION = YES;
				CLANG_WARN_OBJC_IMPLICIT_RETAIN_SELF = YES;
				CLANG_WARN_OBJC_LITERAL_CONVERSION = YES;
				CLANG_WARN_OBJC_ROOT_CLASS = YES_ERROR;
				CLANG_WARN_QUOTED_INCLUDE_IN_FRAMEWORK_HEADER = YES;
				CLANG_WARN_RANGE_LOOP_ANALYSIS = YES;
				CLANG_WARN_STRICT_PROTOTYPES = YES;
				CLANG_WARN_SUSPICIOUS_MOVE = YES;
				CLANG_WARN_UNGUARDED_AVAILABILITY = YES_AGGRESSIVE;
				CLANG_WARN_UNREACHABLE_CODE = YES;
				CLANG_WARN__DUPLICATE_METHOD_MATCH = YES;
				CODE_SIGN_IDENTITY = "iPhone Developer";
				COPY_PHASE_STRIP = NO;
				DEBUG_INFORMATION_FORMAT = "dwarf-with-dsym";
				ENABLE_NS_ASSERTIONS = NO;
				ENABLE_STRICT_OBJC_MSGSEND = YES;
				GCC_C_LANGUAGE_STANDARD = gnu11;
				GCC_NO_COMMON_BLOCKS = YES;
				GCC_WARN_64_TO_32_BIT_CONVERSION = YES;
				GCC_WARN_ABOUT_RETURN_TYPE = YES_ERROR;
				GCC_WARN_UNDECLARED_SELECTOR = YES;
				GCC_WARN_UNINITIALIZED_AUTOS = YES_AGGRESSIVE;
				GCC_WARN_UNUSED_FUNCTION = YES;
				GCC_WARN_UNUSED_VARIABLE = YES;
				IPHONEOS_DEPLOYMENT_TARGET = 12.3;
				MTL_ENABLE_DEBUG_INFO = NO;
				SDKROOT = iphoneos;
				SWIFT_OPTIMIZATION_LEVEL = "-Owholemodule";
				VALIDATE_PRODUCT = YES;
			};
			name = Release;
		};
		377F58921FE0386B00DAE6CC /* Debug */ = {
			isa = XCBuildConfiguration;
			baseConfigurationReference = CD98FDA03196D71E6E97AB0C /* Pods-NukkadApp.debug.xcconfig */;
			buildSettings = {
				ASSETCATALOG_COMPILER_APPICON_NAME = AppIcon;
				CLANG_ENABLE_MODULES = YES;
				CODE_SIGN_STYLE = Manual;
				DEVELOPMENT_TEAM = "";
				INFOPLIST_FILE = NukkadApp/Info.plist;
				IPHONEOS_DEPLOYMENT_TARGET = 12.0;
				LD_RUNPATH_SEARCH_PATHS = "$(inherited) @executable_path/Frameworks";
				PRODUCT_BUNDLE_IDENTIFIER = com.systimanx..NukkadApp;
				PRODUCT_NAME = "$(TARGET_NAME)";
				PROVISIONING_PROFILE_SPECIFIER = "";
				SWIFT_OBJC_BRIDGING_HEADER = "NukkadApp-Bridging-Header.h";
				SWIFT_OPTIMIZATION_LEVEL = "-Onone";
				SWIFT_VERSION = 4.0;
				TARGETED_DEVICE_FAMILY = "1,2";
			};
			name = Debug;
		};
		377F58931FE0386B00DAE6CC /* Release */ = {
			isa = XCBuildConfiguration;
			baseConfigurationReference = 2E268D0EDB0BE9B1E27BC18E /* Pods-NukkadApp.release.xcconfig */;
			buildSettings = {
				ASSETCATALOG_COMPILER_APPICON_NAME = AppIcon;
				CLANG_ENABLE_MODULES = YES;
				CODE_SIGN_STYLE = Manual;
				DEVELOPMENT_TEAM = "";
				INFOPLIST_FILE = NukkadApp/Info.plist;
				IPHONEOS_DEPLOYMENT_TARGET = 12.0;
				LD_RUNPATH_SEARCH_PATHS = "$(inherited) @executable_path/Frameworks";
				PRODUCT_BUNDLE_IDENTIFIER = com.systimanx..NukkadApp;
				PRODUCT_NAME = "$(TARGET_NAME)";
				PROVISIONING_PROFILE_SPECIFIER = "";
				SWIFT_OBJC_BRIDGING_HEADER = "NukkadApp-Bridging-Header.h";
				SWIFT_VERSION = 4.0;
				TARGETED_DEVICE_FAMILY = "1,2";
			};
			name = Release;
		};
		377F58951FE0386B00DAE6CC /* Debug */ = {
			isa = XCBuildConfiguration;
			buildSettings = {
				ALWAYS_EMBED_SWIFT_STANDARD_LIBRARIES = YES;
				BUNDLE_LOADER = "$(TEST_HOST)";
				CODE_SIGN_STYLE = Automatic;
				INFOPLIST_FILE = NukkadAppTests/Info.plist;
				LD_RUNPATH_SEARCH_PATHS = "$(inherited) @executable_path/Frameworks @loader_path/Frameworks";
				PRODUCT_BUNDLE_IDENTIFIER = com.systimanx..NukkadAppTests;
				PRODUCT_NAME = "$(TARGET_NAME)";
				SWIFT_VERSION = 4.0;
				TARGETED_DEVICE_FAMILY = "1,2";
				TEST_HOST = "$(BUILT_PRODUCTS_DIR)/NukkadApp.app/NukkadApp";
			};
			name = Debug;
		};
		377F58961FE0386B00DAE6CC /* Release */ = {
			isa = XCBuildConfiguration;
			buildSettings = {
				ALWAYS_EMBED_SWIFT_STANDARD_LIBRARIES = YES;
				BUNDLE_LOADER = "$(TEST_HOST)";
				CODE_SIGN_STYLE = Automatic;
				INFOPLIST_FILE = NukkadAppTests/Info.plist;
				LD_RUNPATH_SEARCH_PATHS = "$(inherited) @executable_path/Frameworks @loader_path/Frameworks";
				PRODUCT_BUNDLE_IDENTIFIER = com.systimanx..NukkadAppTests;
				PRODUCT_NAME = "$(TARGET_NAME)";
				SWIFT_VERSION = 4.0;
				TARGETED_DEVICE_FAMILY = "1,2";
				TEST_HOST = "$(BUILT_PRODUCTS_DIR)/NukkadApp.app/NukkadApp";
			};
			name = Release;
		};
		377F58981FE0386B00DAE6CC /* Debug */ = {
			isa = XCBuildConfiguration;
			buildSettings = {
				ALWAYS_EMBED_SWIFT_STANDARD_LIBRARIES = YES;
				CODE_SIGN_STYLE = Automatic;
				INFOPLIST_FILE = NukkadAppUITests/Info.plist;
				LD_RUNPATH_SEARCH_PATHS = "$(inherited) @executable_path/Frameworks @loader_path/Frameworks";
				PRODUCT_BUNDLE_IDENTIFIER = com.systimanx..NukkadAppUITests;
				PRODUCT_NAME = "$(TARGET_NAME)";
				SWIFT_VERSION = 4.0;
				TARGETED_DEVICE_FAMILY = "1,2";
				TEST_TARGET_NAME = NukkadApp;
			};
			name = Debug;
		};
		377F58991FE0386B00DAE6CC /* Release */ = {
			isa = XCBuildConfiguration;
			buildSettings = {
				ALWAYS_EMBED_SWIFT_STANDARD_LIBRARIES = YES;
				CODE_SIGN_STYLE = Automatic;
				INFOPLIST_FILE = NukkadAppUITests/Info.plist;
				LD_RUNPATH_SEARCH_PATHS = "$(inherited) @executable_path/Frameworks @loader_path/Frameworks";
				PRODUCT_BUNDLE_IDENTIFIER = com.systimanx..NukkadAppUITests;
				PRODUCT_NAME = "$(TARGET_NAME)";
				SWIFT_VERSION = 4.0;
				TARGETED_DEVICE_FAMILY = "1,2";
				TEST_TARGET_NAME = NukkadApp;
			};
			name = Release;
		};
/* End XCBuildConfiguration section */

/* Begin XCConfigurationList section */
		377F58641FE0386B00DAE6CC /* Build configuration list for PBXProject "NukkadApp" */ = {
			isa = XCConfigurationList;
			buildConfigurations = (
				377F588F1FE0386B00DAE6CC /* Debug */,
				377F58901FE0386B00DAE6CC /* Release */,
			);
			defaultConfigurationIsVisible = 0;
			defaultConfigurationName = Release;
		};
		377F58911FE0386B00DAE6CC /* Build configuration list for PBXNativeTarget "NukkadApp" */ = {
			isa = XCConfigurationList;
			buildConfigurations = (
				377F58921FE0386B00DAE6CC /* Debug */,
				377F58931FE0386B00DAE6CC /* Release */,
			);
			defaultConfigurationIsVisible = 0;
			defaultConfigurationName = Release;
		};
		377F58941FE0386B00DAE6CC /* Build configuration list for PBXNativeTarget "NukkadAppTests" */ = {
			isa = XCConfigurationList;
			buildConfigurations = (
				377F58951FE0386B00DAE6CC /* Debug */,
				377F58961FE0386B00DAE6CC /* Release */,
			);
			defaultConfigurationIsVisible = 0;
			defaultConfigurationName = Release;
		};
		377F58971FE0386B00DAE6CC /* Build configuration list for PBXNativeTarget "NukkadAppUITests" */ = {
			isa = XCConfigurationList;
			buildConfigurations = (
				377F58981FE0386B00DAE6CC /* Debug */,
				377F58991FE0386B00DAE6CC /* Release */,
			);
			defaultConfigurationIsVisible = 0;
			defaultConfigurationName = Release;
		};
/* End XCConfigurationList section */
	};
	rootObject = 377F58611FE0386B00DAE6CC /* Project object */;
}
